
Microsoft Visual Studio Solution File, Format Version 12.00
# Visual Studio 15
VisualStudioVersion = 15.0.28307.106
MinimumVisualStudioVersion = 10.0.40219.1
Project("{FAE04EC0-301F-11D3-BF4B-00C04F79EFBC}") = "5_15WebSocket", "5_15WebSocket\5_15WebSocket.csproj", "{CB114D68-B573-4649-BB59-C10B88B8F27C}"
EndProject
Project("{FAE04EC0-301F-11D3-BF4B-00C04F79EFBC}") = "5_18WebSocket.Data", "5_18WebSocket.Data\5_18WebSocket.Data.csproj", "{C8C54D47-E272-4DD8-9056-FCF34EE3486D}"
EndProject
Global
	GlobalSection(SolutionConfigurationPlatforms) = preSolution
		Debug|Any CPU = Debug|Any CPU
		Release|Any CPU = Release|Any CPU
	EndGlobalSection
	GlobalSection(ProjectConfigurationPlatforms) = postSolution
		{CB114D68-B573-4649-BB59-C10B88B8F27C}.Debug|Any CPU.ActiveCfg = Debug|Any CPU
		{CB114D68-B573-4649-BB59-C10B88B8F27C}.Debug|Any CPU.Build.0 = Debug|Any CPU
		{CB114D68-B573-4649-BB59-C10B88B8F27C}.Release|Any CPU.ActiveCfg = Release|Any CPU
		{CB114D68-B573-4649-BB59-C10B88B8F27C}.Release|Any CPU.Build.0 = Release|Any CPU
		{C8C54D47-E272-4DD8-9056-FCF34EE3486D}.Debug|Any CPU.ActiveCfg = Debug|Any CPU
		{C8C54D47-E272-4DD8-9056-FCF34EE3486D}.Debug|Any CPU.Build.0 = Debug|Any CPU
		{C8C54D47-E272-4DD8-9056-FCF34EE3486D}.Release|Any CPU.ActiveCfg = Release|Any CPU
		{C8C54D47-E272-4DD8-9056-FCF34EE3486D}.Release|Any CPU.Build.0 = Release|Any CPU
	EndGlobalSection
	GlobalSection(SolutionProperties) = preSolution
		HideSolutionNode = FALSE
	EndGlobalSection
	GlobalSection(ExtensibilityGlobals) = postSolution
		SolutionGuid = {5B061A1B-4A46-44AB-BA1B-3E60952198B2}
	EndGlobalSection
EndGlobal
